{
    "name": "pi-bank-backend",
    "lockfileVersion": 3,
    "requires": true,
    "packages": {
        "": {
            "dependencies": {
                "@codbex/codbex-countries": "0.3.0",
                "@codbex/codbex-currencies": "0.3.0",
                "@codbex/ide-branding": "0.1.0"
            }
        },
        "node_modules/@codbex/codbex-countries": {
            "version": "0.3.0",
            "resolved": "https://npm.pkg.github.com/download/@codbex/codbex-countries/0.3.0/2a62b4a2208f8d007fc8635aaf639bb5fba9f5cc",
            "integrity": "sha512-1nZtJg4Tb3R4f9BSHQEbkE8A8lZoMaBvbSzm+eJPe63+pSW47CID2Ozzt8nMREXCmO7onLh2Uuj5uKthF+73+w=="
        },
        "node_modules/@codbex/codbex-currencies": {
            "version": "0.3.0",
            "resolved": "https://npm.pkg.github.com/download/@codbex/codbex-currencies/0.3.0/fb45fc74eac5632dbd03861dee8e4ed1293fbd13",
            "integrity": "sha512-OaIECsjEkv7pikSdQ2TjjEXbU94WLX48tomLElUwe7a3w0NkUDZsh7Z/HdodB3oixYSFZKKNlAeAXjAQzNBQiQ=="
        },
        "node_modules/@codbex/ide-branding": {
            "version": "0.1.0",
            "resolved": "https://npm.pkg.github.com/download/@codbex/ide-branding/0.1.0/ecf9569a855bb38b27d9c13538fa8721c37058da",
            "integrity": "sha512-9emxIvN/UnsvhQSc7vMp9395J6duhcaJyFXshUaPRXY4JjMBsoipufczW3i3nOnyBVWxdmVUJZ4nGsFjXjHb3Q=="
        }
    }
}
